
Microsoft Visual Studio Solution File, Format Version 12.00
# Visual Studio 15
VisualStudioVersion = 15.0.26724.1
MinimumVisualStudioVersion = 10.0.40219.1
Project("{8BC9CEB8-8B4A-11D0-8D11-00A0C91BC942}") = "Move3DCarDemo", "Move3DCarDemo.vcxproj", "{8A381C1C-B6E1-4E8A-A88F-234FF5A33336}"
EndProject
Global
	GlobalSection(SolutionConfigurationPlatforms) = preSolution
		Debug|x86 = Debug|x86
		Release|x86 = Release|x86
	EndGlobalSection
	GlobalSection(ProjectConfigurationPlatforms) = postSolution
		{8A381C1C-B6E1-4E8A-A88F-234FF5A33336}.Debug|x86.ActiveCfg = Debug|Win32
		{8A381C1C-B6E1-4E8A-A88F-234FF5A33336}.Debug|x86.Build.0 = Debug|Win32
		{8A381C1C-B6E1-4E8A-A88F-234FF5A33336}.Release|x86.ActiveCfg = Release|Win32
		{8A381C1C-B6E1-4E8A-A88F-234FF5A33336}.Release|x86.Build.0 = Release|Win32
	EndGlobalSection
	GlobalSection(SolutionProperties) = preSolution
		HideSolutionNode = FALSE
	EndGlobalSection
	GlobalSection(ExtensibilityGlobals) = postSolution
		SolutionGuid = {5DA37D65-F260-4D47-9B3C-F68370E628F7}
	EndGlobalSection
EndGlobal
